{
  "requires": true,
  "lockfileVersion": 1,
  "dependencies": {
    "@types/youtube": {
      "version": "0.0.38",
      "resolved": "https://registry.npmjs.org/@types/youtube/-/youtube-0.0.38.tgz",
      "integrity": "sha512-rS0nLlnnZIvOfBNT4957rkKRMHjHxutoVhSEzowocYgNiTMVBmN+Hbkf/L3TeGMMtts9uKZ9gw7O2JLHREVnIw=="
    }
  }
}
